{
  "name": "minkowski-island-cli",
  "version": "1.0.0",
  "lockfileVersion": 2,
  "requires": true,
  "packages": {
    "": {
      "name": "minkowski-island-cli",
      "version": "1.0.0",
      "license": "MIT",
      "dependencies": {
        "minkowski-sausage-cli": "^1.2.0"
      },
      "bin": {
        "minkowski-island-cli": "src/cli.js"
      }
    },
    "node_modules/minkowski-sausage-cli": {
      "version": "1.2.0",
      "resolved": "https://registry.npmjs.org/minkowski-sausage-cli/-/minkowski-sausage-cli-1.2.0.tgz",
      "integrity": "sha512-YkoVtra9o1b5a5sWnjvG8w9Azwu7/uTkyiFSmLcPQfRxrOHG7eSlTFa9Ud1nSbym5o0cY8RrdO0V+T58SEtZ2w==",
      "bin": {
        "minkowski-sausage-cli": "src/cli.js"
      }
    }
  },
  "dependencies": {
    "minkowski-sausage-cli": {
      "version": "1.2.0",
      "resolved": "https://registry.npmjs.org/minkowski-sausage-cli/-/minkowski-sausage-cli-1.2.0.tgz",
      "integrity": "sha512-YkoVtra9o1b5a5sWnjvG8w9Azwu7/uTkyiFSmLcPQfRxrOHG7eSlTFa9Ud1nSbym5o0cY8RrdO0V+T58SEtZ2w=="
    }
  }
}
